
Microsoft Visual Studio Solution File, Format Version 12.00
# Visual Studio Version 18
VisualStudioVersion = 18.0.11121.172
MinimumVisualStudioVersion = 10.0.40219.1
Project("{F184B08F-C81C-45F6-A57F-5ABD9991F28F}") = "CLEVIR_INCA_7_5", "CLEVIR_INCA_7_5.vbproj", "{5793D1D6-599E-4970-96D3-0D4F7EB69B36}"
	ProjectSection(ProjectDependencies) = postProject
		{17FAA3D5-AF5E-43BD-8970-8C698154DBE2} = {17FAA3D5-AF5E-43BD-8970-8C698154DBE2}
	EndProjectSection
EndProject
Project("{2150E333-8FDC-42A3-9474-1A3956D46DE8}") = "Solution Items", "Solution Items", "{8EC462FD-D22E-90A8-E5CE-7E832BA40C5D}"
	ProjectSection(SolutionItems) = preProject
		..\CommonFiles\LidarPcapCapture.vb = ..\CommonFiles\LidarPcapCapture.vb
	EndProjectSection
EndProject
Project("{8BC9CEB8-8B4A-11D0-8D11-00A0C91BC942}") = "HesaiWrapper", "HesaiWrapper\HesaiWrapper\HesaiWrapper.vcxproj", "{17FAA3D5-AF5E-43BD-8970-8C698154DBE2}"
EndProject
Project("{B7DD6F7E-DEF8-4E67-B5B7-07EF123DB6F0}") = "CLEVIR_Installer", "..\CLEVIR_7.5 Installation\CLEVIR_Installer.wixproj", "{0A538176-2BD1-48DC-9374-061399F1322F}"
EndProject
Global
	GlobalSection(SolutionConfigurationPlatforms) = preSolution
		All|Any CPU = All|Any CPU
		All|x64 = All|x64
		All|x86 = All|x86
		Debug|Any CPU = Debug|Any CPU
		Debug|x64 = Debug|x64
		Debug|x86 = Debug|x86
		Release|Any CPU = Release|Any CPU
		Release|x64 = Release|x64
		Release|x86 = Release|x86
	EndGlobalSection
	GlobalSection(ProjectConfigurationPlatforms) = postSolution
		{5793D1D6-599E-4970-96D3-0D4F7EB69B36}.All|Any CPU.ActiveCfg = Debug|Any CPU
		{5793D1D6-599E-4970-96D3-0D4F7EB69B36}.All|Any CPU.Build.0 = Debug|Any CPU
		{5793D1D6-599E-4970-96D3-0D4F7EB69B36}.All|x64.ActiveCfg = Debug|x64
		{5793D1D6-599E-4970-96D3-0D4F7EB69B36}.All|x64.Build.0 = Debug|x64
		{5793D1D6-599E-4970-96D3-0D4F7EB69B36}.All|x86.ActiveCfg = Debug|x86
		{5793D1D6-599E-4970-96D3-0D4F7EB69B36}.All|x86.Build.0 = Debug|x86
		{5793D1D6-599E-4970-96D3-0D4F7EB69B36}.Debug|Any CPU.ActiveCfg = Debug|Any CPU
		{5793D1D6-599E-4970-96D3-0D4F7EB69B36}.Debug|Any CPU.Build.0 = Debug|Any CPU
		{5793D1D6-599E-4970-96D3-0D4F7EB69B36}.Debug|x64.ActiveCfg = Debug|x64
		{5793D1D6-599E-4970-96D3-0D4F7EB69B36}.Debug|x64.Build.0 = Debug|x64
		{5793D1D6-599E-4970-96D3-0D4F7EB69B36}.Debug|x86.ActiveCfg = Debug|x86
		{5793D1D6-599E-4970-96D3-0D4F7EB69B36}.Debug|x86.Build.0 = Debug|x86
		{5793D1D6-599E-4970-96D3-0D4F7EB69B36}.Release|Any CPU.ActiveCfg = Release|Any CPU
		{5793D1D6-599E-4970-96D3-0D4F7EB69B36}.Release|Any CPU.Build.0 = Release|Any CPU
		{5793D1D6-599E-4970-96D3-0D4F7EB69B36}.Release|x64.ActiveCfg = Debug|Any CPU
		{5793D1D6-599E-4970-96D3-0D4F7EB69B36}.Release|x64.Build.0 = Debug|Any CPU
		{5793D1D6-599E-4970-96D3-0D4F7EB69B36}.Release|x86.ActiveCfg = Release|x86
		{5793D1D6-599E-4970-96D3-0D4F7EB69B36}.Release|x86.Build.0 = Release|x86
		{17FAA3D5-AF5E-43BD-8970-8C698154DBE2}.All|Any CPU.ActiveCfg = Debug|x64
		{17FAA3D5-AF5E-43BD-8970-8C698154DBE2}.All|Any CPU.Build.0 = Debug|x64
		{17FAA3D5-AF5E-43BD-8970-8C698154DBE2}.All|x64.ActiveCfg = Debug|x64
		{17FAA3D5-AF5E-43BD-8970-8C698154DBE2}.All|x64.Build.0 = Debug|x64
		{17FAA3D5-AF5E-43BD-8970-8C698154DBE2}.All|x86.ActiveCfg = Debug|Win32
		{17FAA3D5-AF5E-43BD-8970-8C698154DBE2}.All|x86.Build.0 = Debug|Win32
		{17FAA3D5-AF5E-43BD-8970-8C698154DBE2}.Debug|Any CPU.ActiveCfg = Debug|x64
		{17FAA3D5-AF5E-43BD-8970-8C698154DBE2}.Debug|Any CPU.Build.0 = Debug|x64
		{17FAA3D5-AF5E-43BD-8970-8C698154DBE2}.Debug|x64.ActiveCfg = Debug|x64
		{17FAA3D5-AF5E-43BD-8970-8C698154DBE2}.Debug|x86.ActiveCfg = Debug|Win32
		{17FAA3D5-AF5E-43BD-8970-8C698154DBE2}.Debug|x86.Build.0 = Debug|Win32
		{17FAA3D5-AF5E-43BD-8970-8C698154DBE2}.Release|Any CPU.ActiveCfg = Release|x64
		{17FAA3D5-AF5E-43BD-8970-8C698154DBE2}.Release|Any CPU.Build.0 = Release|x64
		{17FAA3D5-AF5E-43BD-8970-8C698154DBE2}.Release|x64.ActiveCfg = Debug|x64
		{17FAA3D5-AF5E-43BD-8970-8C698154DBE2}.Release|x64.Build.0 = Debug|x64
		{17FAA3D5-AF5E-43BD-8970-8C698154DBE2}.Release|x86.ActiveCfg = Release|Win32
		{17FAA3D5-AF5E-43BD-8970-8C698154DBE2}.Release|x86.Build.0 = Release|Win32
		{0A538176-2BD1-48DC-9374-061399F1322F}.All|Any CPU.ActiveCfg = Debug|x64
		{0A538176-2BD1-48DC-9374-061399F1322F}.All|Any CPU.Build.0 = Debug|x64
		{0A538176-2BD1-48DC-9374-061399F1322F}.All|x64.ActiveCfg = Debug|x64
		{0A538176-2BD1-48DC-9374-061399F1322F}.All|x64.Build.0 = Debug|x64
		{0A538176-2BD1-48DC-9374-061399F1322F}.All|x86.ActiveCfg = Debug|x86
		{0A538176-2BD1-48DC-9374-061399F1322F}.All|x86.Build.0 = Debug|x86
		{0A538176-2BD1-48DC-9374-061399F1322F}.Debug|Any CPU.ActiveCfg = Debug|x64
		{0A538176-2BD1-48DC-9374-061399F1322F}.Debug|Any CPU.Build.0 = Debug|x64
		{0A538176-2BD1-48DC-9374-061399F1322F}.Debug|x64.ActiveCfg = Debug|x64
		{0A538176-2BD1-48DC-9374-061399F1322F}.Debug|x64.Build.0 = Debug|x64
		{0A538176-2BD1-48DC-9374-061399F1322F}.Debug|x86.ActiveCfg = Debug|x86
		{0A538176-2BD1-48DC-9374-061399F1322F}.Debug|x86.Build.0 = Debug|x86
		{0A538176-2BD1-48DC-9374-061399F1322F}.Release|Any CPU.ActiveCfg = Release|x64
		{0A538176-2BD1-48DC-9374-061399F1322F}.Release|Any CPU.Build.0 = Release|x64
		{0A538176-2BD1-48DC-9374-061399F1322F}.Release|x64.ActiveCfg = Release|x64
		{0A538176-2BD1-48DC-9374-061399F1322F}.Release|x64.Build.0 = Release|x64
		{0A538176-2BD1-48DC-9374-061399F1322F}.Release|x86.ActiveCfg = Release|x86
		{0A538176-2BD1-48DC-9374-061399F1322F}.Release|x86.Build.0 = Release|x86
	EndGlobalSection
	GlobalSection(SolutionProperties) = preSolution
		HideSolutionNode = FALSE
	EndGlobalSection
	GlobalSection(ExtensibilityGlobals) = postSolution
		SolutionGuid = {E7EFAEAD-2E45-42DB-8F32-463C1DD155D2}
	EndGlobalSection
EndGlobal
